
Microsoft Visual Studio Solution File, Format Version 12.00
# Visual Studio 2012
Project("{FAE04EC0-301F-11D3-BF4B-00C04F79EFBC}") = "PoolCarManager.Core", "PoolCarManager.Core\PoolCarManager.Core.csproj", "{87FBD9F8-87CC-4B71-BA6B-32F346307B79}"
EndProject
Project("{FAE04EC0-301F-11D3-BF4B-00C04F79EFBC}") = "PoolCarManager.Console", "PoolCarManager.Console\PoolCarManager.Console.csproj", "{A508FDCE-1B08-423E-9756-E93E3EE4BF92}"
EndProject
Project("{FAE04EC0-301F-11D3-BF4B-00C04F79EFBC}") = "PoolCarManager.Commands", "PoolCarManager.Commands\PoolCarManager.Commands.csproj", "{C0B50BCD-E06F-4120-B4E6-30174BC03D94}"
EndProject
Project("{FAE04EC0-301F-11D3-BF4B-00C04F79EFBC}") = "PoolCarManager.Events", "PoolCarManager.Events\PoolCarManager.Events.csproj", "{C0756F2A-39A0-4682-970D-A80FA56D6AA0}"
EndProject
Project("{FAE04EC0-301F-11D3-BF4B-00C04F79EFBC}") = "PoolCarManager.Repository", "PoolCarManager.Repository\PoolCarManager.Repository.csproj", "{5DB885DF-0886-4906-BEA5-39B717C7B645}"
EndProject
Project("{FAE04EC0-301F-11D3-BF4B-00C04F79EFBC}") = "PoolCarManager.Domain", "PoolCarManager.Domain\PoolCarManager.Domain.csproj", "{51B6FB78-E6F0-4158-9A92-F991C2BB8688}"
EndProject
Project("{FAE04EC0-301F-11D3-BF4B-00C04F79EFBC}") = "PoolCarManager.EventHandlers", "PoolCarManager.EventHandlers\PoolCarManager.EventHandlers.csproj", "{A2F581B4-9FA7-4483-BA61-861FE2225850}"
EndProject
Project("{FAE04EC0-301F-11D3-BF4B-00C04F79EFBC}") = "PoolCarManager.CommandHandlers", "PoolCarManager.CommandHandlers\PoolCarManager.CommandHandlers.csproj", "{277B9AE8-2BF7-4287-9390-35D15D63CE85}"
EndProject
Project("{FAE04EC0-301F-11D3-BF4B-00C04F79EFBC}") = "PoolCarManager.EventStore", "PoolCarManager.EventStore\PoolCarManager.EventStore.csproj", "{C86F5B17-6150-49EF-8E54-8F025BE109EF}"
EndProject
Project("{FAE04EC0-301F-11D3-BF4B-00C04F79EFBC}") = "PoolCarManager.ReadModel", "PoolCarManager.ReadModel\PoolCarManager.ReadModel.csproj", "{96C379E0-B35E-4010-8747-03B5B021B73F}"
EndProject
Global
	GlobalSection(SolutionConfigurationPlatforms) = preSolution
		Debug|Any CPU = Debug|Any CPU
		Debug|Mixed Platforms = Debug|Mixed Platforms
		Debug|x86 = Debug|x86
		Release|Any CPU = Release|Any CPU
		Release|Mixed Platforms = Release|Mixed Platforms
		Release|x86 = Release|x86
	EndGlobalSection
	GlobalSection(ProjectConfigurationPlatforms) = postSolution
		{277B9AE8-2BF7-4287-9390-35D15D63CE85}.Debug|Any CPU.ActiveCfg = Debug|Any CPU
		{277B9AE8-2BF7-4287-9390-35D15D63CE85}.Debug|Any CPU.Build.0 = Debug|Any CPU
		{277B9AE8-2BF7-4287-9390-35D15D63CE85}.Debug|Mixed Platforms.ActiveCfg = Debug|Any CPU
		{277B9AE8-2BF7-4287-9390-35D15D63CE85}.Debug|Mixed Platforms.Build.0 = Debug|Any CPU
		{277B9AE8-2BF7-4287-9390-35D15D63CE85}.Debug|x86.ActiveCfg = Debug|Any CPU
		{277B9AE8-2BF7-4287-9390-35D15D63CE85}.Debug|x86.Build.0 = Debug|Any CPU
		{277B9AE8-2BF7-4287-9390-35D15D63CE85}.Release|Any CPU.ActiveCfg = Release|Any CPU
		{277B9AE8-2BF7-4287-9390-35D15D63CE85}.Release|Any CPU.Build.0 = Release|Any CPU
		{277B9AE8-2BF7-4287-9390-35D15D63CE85}.Release|Mixed Platforms.ActiveCfg = Release|Any CPU
		{277B9AE8-2BF7-4287-9390-35D15D63CE85}.Release|Mixed Platforms.Build.0 = Release|Any CPU
		{277B9AE8-2BF7-4287-9390-35D15D63CE85}.Release|x86.ActiveCfg = Release|Any CPU
		{277B9AE8-2BF7-4287-9390-35D15D63CE85}.Release|x86.Build.0 = Release|Any CPU
		{51B6FB78-E6F0-4158-9A92-F991C2BB8688}.Debug|Any CPU.ActiveCfg = Debug|Any CPU
		{51B6FB78-E6F0-4158-9A92-F991C2BB8688}.Debug|Any CPU.Build.0 = Debug|Any CPU
		{51B6FB78-E6F0-4158-9A92-F991C2BB8688}.Debug|Mixed Platforms.ActiveCfg = Debug|Any CPU
		{51B6FB78-E6F0-4158-9A92-F991C2BB8688}.Debug|Mixed Platforms.Build.0 = Debug|Any CPU
		{51B6FB78-E6F0-4158-9A92-F991C2BB8688}.Debug|x86.ActiveCfg = Debug|Any CPU
		{51B6FB78-E6F0-4158-9A92-F991C2BB8688}.Debug|x86.Build.0 = Debug|Any CPU
		{51B6FB78-E6F0-4158-9A92-F991C2BB8688}.Release|Any CPU.ActiveCfg = Release|Any CPU
		{51B6FB78-E6F0-4158-9A92-F991C2BB8688}.Release|Any CPU.Build.0 = Release|Any CPU
		{51B6FB78-E6F0-4158-9A92-F991C2BB8688}.Release|Mixed Platforms.ActiveCfg = Release|Any CPU
		{51B6FB78-E6F0-4158-9A92-F991C2BB8688}.Release|Mixed Platforms.Build.0 = Release|Any CPU
		{51B6FB78-E6F0-4158-9A92-F991C2BB8688}.Release|x86.ActiveCfg = Release|Any CPU
		{51B6FB78-E6F0-4158-9A92-F991C2BB8688}.Release|x86.Build.0 = Release|Any CPU
		{5DB885DF-0886-4906-BEA5-39B717C7B645}.Debug|Any CPU.ActiveCfg = Debug|Any CPU
		{5DB885DF-0886-4906-BEA5-39B717C7B645}.Debug|Any CPU.Build.0 = Debug|Any CPU
		{5DB885DF-0886-4906-BEA5-39B717C7B645}.Debug|Mixed Platforms.ActiveCfg = Debug|Any CPU
		{5DB885DF-0886-4906-BEA5-39B717C7B645}.Debug|Mixed Platforms.Build.0 = Debug|Any CPU
		{5DB885DF-0886-4906-BEA5-39B717C7B645}.Debug|x86.ActiveCfg = Debug|Any CPU
		{5DB885DF-0886-4906-BEA5-39B717C7B645}.Debug|x86.Build.0 = Debug|Any CPU
		{5DB885DF-0886-4906-BEA5-39B717C7B645}.Release|Any CPU.ActiveCfg = Release|Any CPU
		{5DB885DF-0886-4906-BEA5-39B717C7B645}.Release|Any CPU.Build.0 = Release|Any CPU
		{5DB885DF-0886-4906-BEA5-39B717C7B645}.Release|Mixed Platforms.ActiveCfg = Release|Any CPU
		{5DB885DF-0886-4906-BEA5-39B717C7B645}.Release|Mixed Platforms.Build.0 = Release|Any CPU
		{5DB885DF-0886-4906-BEA5-39B717C7B645}.Release|x86.ActiveCfg = Release|Any CPU
		{5DB885DF-0886-4906-BEA5-39B717C7B645}.Release|x86.Build.0 = Release|Any CPU
		{87FBD9F8-87CC-4B71-BA6B-32F346307B79}.Debug|Any CPU.ActiveCfg = Debug|Any CPU
		{87FBD9F8-87CC-4B71-BA6B-32F346307B79}.Debug|Any CPU.Build.0 = Debug|Any CPU
		{87FBD9F8-87CC-4B71-BA6B-32F346307B79}.Debug|Mixed Platforms.ActiveCfg = Debug|Any CPU
		{87FBD9F8-87CC-4B71-BA6B-32F346307B79}.Debug|Mixed Platforms.Build.0 = Debug|Any CPU
		{87FBD9F8-87CC-4B71-BA6B-32F346307B79}.Debug|x86.ActiveCfg = Debug|Any CPU
		{87FBD9F8-87CC-4B71-BA6B-32F346307B79}.Release|Any CPU.ActiveCfg = Release|Any CPU
		{87FBD9F8-87CC-4B71-BA6B-32F346307B79}.Release|Any CPU.Build.0 = Release|Any CPU
		{87FBD9F8-87CC-4B71-BA6B-32F346307B79}.Release|Mixed Platforms.ActiveCfg = Release|Any CPU
		{87FBD9F8-87CC-4B71-BA6B-32F346307B79}.Release|Mixed Platforms.Build.0 = Release|Any CPU
		{87FBD9F8-87CC-4B71-BA6B-32F346307B79}.Release|x86.ActiveCfg = Release|Any CPU
		{96C379E0-B35E-4010-8747-03B5B021B73F}.Debug|Any CPU.ActiveCfg = Debug|Any CPU
		{96C379E0-B35E-4010-8747-03B5B021B73F}.Debug|Any CPU.Build.0 = Debug|Any CPU
		{96C379E0-B35E-4010-8747-03B5B021B73F}.Debug|Mixed Platforms.ActiveCfg = Debug|Any CPU
		{96C379E0-B35E-4010-8747-03B5B021B73F}.Debug|Mixed Platforms.Build.0 = Debug|Any CPU
		{96C379E0-B35E-4010-8747-03B5B021B73F}.Debug|x86.ActiveCfg = Debug|Any CPU
		{96C379E0-B35E-4010-8747-03B5B021B73F}.Debug|x86.Build.0 = Debug|Any CPU
		{96C379E0-B35E-4010-8747-03B5B021B73F}.Release|Any CPU.ActiveCfg = Release|Any CPU
		{96C379E0-B35E-4010-8747-03B5B021B73F}.Release|Any CPU.Build.0 = Release|Any CPU
		{96C379E0-B35E-4010-8747-03B5B021B73F}.Release|Mixed Platforms.ActiveCfg = Release|Any CPU
		{96C379E0-B35E-4010-8747-03B5B021B73F}.Release|Mixed Platforms.Build.0 = Release|Any CPU
		{96C379E0-B35E-4010-8747-03B5B021B73F}.Release|x86.ActiveCfg = Release|Any CPU
		{96C379E0-B35E-4010-8747-03B5B021B73F}.Release|x86.Build.0 = Release|Any CPU
		{A2F581B4-9FA7-4483-BA61-861FE2225850}.Debug|Any CPU.ActiveCfg = Debug|Any CPU
		{A2F581B4-9FA7-4483-BA61-861FE2225850}.Debug|Any CPU.Build.0 = Debug|Any CPU
		{A2F581B4-9FA7-4483-BA61-861FE2225850}.Debug|Mixed Platforms.ActiveCfg = Debug|Any CPU
		{A2F581B4-9FA7-4483-BA61-861FE2225850}.Debug|Mixed Platforms.Build.0 = Debug|Any CPU
		{A2F581B4-9FA7-4483-BA61-861FE2225850}.Debug|x86.ActiveCfg = Debug|Any CPU
		{A2F581B4-9FA7-4483-BA61-861FE2225850}.Debug|x86.Build.0 = Debug|Any CPU
		{A2F581B4-9FA7-4483-BA61-861FE2225850}.Release|Any CPU.ActiveCfg = Release|Any CPU
		{A2F581B4-9FA7-4483-BA61-861FE2225850}.Release|Any CPU.Build.0 = Release|Any CPU
		{A2F581B4-9FA7-4483-BA61-861FE2225850}.Release|Mixed Platforms.ActiveCfg = Release|Any CPU
		{A2F581B4-9FA7-4483-BA61-861FE2225850}.Release|Mixed Platforms.Build.0 = Release|Any CPU
		{A2F581B4-9FA7-4483-BA61-861FE2225850}.Release|x86.ActiveCfg = Release|Any CPU
		{A2F581B4-9FA7-4483-BA61-861FE2225850}.Release|x86.Build.0 = Release|Any CPU
		{A508FDCE-1B08-423E-9756-E93E3EE4BF92}.Debug|Any CPU.ActiveCfg = Debug|Any CPU
		{A508FDCE-1B08-423E-9756-E93E3EE4BF92}.Debug|Any CPU.Build.0 = Debug|Any CPU
		{A508FDCE-1B08-423E-9756-E93E3EE4BF92}.Debug|Mixed Platforms.ActiveCfg = Debug|Any CPU
		{A508FDCE-1B08-423E-9756-E93E3EE4BF92}.Debug|Mixed Platforms.Build.0 = Debug|Any CPU
		{A508FDCE-1B08-423E-9756-E93E3EE4BF92}.Debug|x86.ActiveCfg = Debug|Any CPU
		{A508FDCE-1B08-423E-9756-E93E3EE4BF92}.Debug|x86.Build.0 = Debug|Any CPU
		{A508FDCE-1B08-423E-9756-E93E3EE4BF92}.Release|Any CPU.ActiveCfg = Release|Any CPU
		{A508FDCE-1B08-423E-9756-E93E3EE4BF92}.Release|Any CPU.Build.0 = Release|Any CPU
		{A508FDCE-1B08-423E-9756-E93E3EE4BF92}.Release|Mixed Platforms.ActiveCfg = Release|Any CPU
		{A508FDCE-1B08-423E-9756-E93E3EE4BF92}.Release|Mixed Platforms.Build.0 = Release|Any CPU
		{A508FDCE-1B08-423E-9756-E93E3EE4BF92}.Release|x86.ActiveCfg = Release|Any CPU
		{A508FDCE-1B08-423E-9756-E93E3EE4BF92}.Release|x86.Build.0 = Release|Any CPU
		{C0756F2A-39A0-4682-970D-A80FA56D6AA0}.Debug|Any CPU.ActiveCfg = Debug|Any CPU
		{C0756F2A-39A0-4682-970D-A80FA56D6AA0}.Debug|Any CPU.Build.0 = Debug|Any CPU
		{C0756F2A-39A0-4682-970D-A80FA56D6AA0}.Debug|Mixed Platforms.ActiveCfg = Debug|Any CPU
		{C0756F2A-39A0-4682-970D-A80FA56D6AA0}.Debug|Mixed Platforms.Build.0 = Debug|Any CPU
		{C0756F2A-39A0-4682-970D-A80FA56D6AA0}.Debug|x86.ActiveCfg = Debug|Any CPU
		{C0756F2A-39A0-4682-970D-A80FA56D6AA0}.Debug|x86.Build.0 = Debug|Any CPU
		{C0756F2A-39A0-4682-970D-A80FA56D6AA0}.Release|Any CPU.ActiveCfg = Release|Any CPU
		{C0756F2A-39A0-4682-970D-A80FA56D6AA0}.Release|Any CPU.Build.0 = Release|Any CPU
		{C0756F2A-39A0-4682-970D-A80FA56D6AA0}.Release|Mixed Platforms.ActiveCfg = Release|Any CPU
		{C0756F2A-39A0-4682-970D-A80FA56D6AA0}.Release|Mixed Platforms.Build.0 = Release|Any CPU
		{C0756F2A-39A0-4682-970D-A80FA56D6AA0}.Release|x86.ActiveCfg = Release|Any CPU
		{C0756F2A-39A0-4682-970D-A80FA56D6AA0}.Release|x86.Build.0 = Release|Any CPU
		{C0B50BCD-E06F-4120-B4E6-30174BC03D94}.Debug|Any CPU.ActiveCfg = Debug|Any CPU
		{C0B50BCD-E06F-4120-B4E6-30174BC03D94}.Debug|Any CPU.Build.0 = Debug|Any CPU
		{C0B50BCD-E06F-4120-B4E6-30174BC03D94}.Debug|Mixed Platforms.ActiveCfg = Debug|Any CPU
		{C0B50BCD-E06F-4120-B4E6-30174BC03D94}.Debug|Mixed Platforms.Build.0 = Debug|Any CPU
		{C0B50BCD-E06F-4120-B4E6-30174BC03D94}.Debug|x86.ActiveCfg = Debug|Any CPU
		{C0B50BCD-E06F-4120-B4E6-30174BC03D94}.Debug|x86.Build.0 = Debug|Any CPU
		{C0B50BCD-E06F-4120-B4E6-30174BC03D94}.Release|Any CPU.ActiveCfg = Release|Any CPU
		{C0B50BCD-E06F-4120-B4E6-30174BC03D94}.Release|Any CPU.Build.0 = Release|Any CPU
		{C0B50BCD-E06F-4120-B4E6-30174BC03D94}.Release|Mixed Platforms.ActiveCfg = Release|Any CPU
		{C0B50BCD-E06F-4120-B4E6-30174BC03D94}.Release|Mixed Platforms.Build.0 = Release|Any CPU
		{C0B50BCD-E06F-4120-B4E6-30174BC03D94}.Release|x86.ActiveCfg = Release|Any CPU
		{C0B50BCD-E06F-4120-B4E6-30174BC03D94}.Release|x86.Build.0 = Release|Any CPU
		{C86F5B17-6150-49EF-8E54-8F025BE109EF}.Debug|Any CPU.ActiveCfg = Debug|Any CPU
		{C86F5B17-6150-49EF-8E54-8F025BE109EF}.Debug|Any CPU.Build.0 = Debug|Any CPU
		{C86F5B17-6150-49EF-8E54-8F025BE109EF}.Debug|Mixed Platforms.ActiveCfg = Debug|Any CPU
		{C86F5B17-6150-49EF-8E54-8F025BE109EF}.Debug|Mixed Platforms.Build.0 = Debug|Any CPU
		{C86F5B17-6150-49EF-8E54-8F025BE109EF}.Debug|x86.ActiveCfg = Debug|Any CPU
		{C86F5B17-6150-49EF-8E54-8F025BE109EF}.Debug|x86.Build.0 = Debug|Any CPU
		{C86F5B17-6150-49EF-8E54-8F025BE109EF}.Release|Any CPU.ActiveCfg = Release|Any CPU
		{C86F5B17-6150-49EF-8E54-8F025BE109EF}.Release|Any CPU.Build.0 = Release|Any CPU
		{C86F5B17-6150-49EF-8E54-8F025BE109EF}.Release|Mixed Platforms.ActiveCfg = Release|Any CPU
		{C86F5B17-6150-49EF-8E54-8F025BE109EF}.Release|Mixed Platforms.Build.0 = Release|Any CPU
		{C86F5B17-6150-49EF-8E54-8F025BE109EF}.Release|x86.ActiveCfg = Release|Any CPU
		{C86F5B17-6150-49EF-8E54-8F025BE109EF}.Release|x86.Build.0 = Release|Any CPU
	EndGlobalSection
	GlobalSection(MonoDevelopProperties) = preSolution
		StartupItem = PoolCarManager.Console\PoolCarManager.Console.csproj
	EndGlobalSection
	GlobalSection(SolutionProperties) = preSolution
		HideSolutionNode = FALSE
	EndGlobalSection
EndGlobal
